version = 1
requires-python = ">=3.11"

[[package]]
name = "pyperclip"
version = "1.9.0"
source = { registry = "https://pypi.org/simple" }
sdist = { url = "https://files.pythonhosted.org/packages/30/23/2f0a3efc4d6a32f3b63cdff36cd398d9701d26cda58e3ab97ac79fb5e60d/pyperclip-1.9.0.tar.gz", hash = "sha256:b7de0142ddc81bfc5c7507eea19da920b92252b548b96186caf94a5e2527d310", size = 20961 }

[[package]]
name = "python-yure"
version = "0.1.0"
source = { virtual = "." }
dependencies = [
    { name = "pyperclip" },
    { name = "sudachidict-core" },
    { name = "sudachipy" },
]

[package.metadata]
requires-dist = [
    { name = "pyperclip", specifier = ">=1.9.0" },
    { name = "sudachidict-core", specifier = ">=20241021" },
    { name = "sudachipy", specifier = ">=0.6.10" },
]

[[package]]
name = "sudachidict-core"
version = "20241021"
source = { registry = "https://pypi.org/simple" }
dependencies = [
    { name = "sudachipy" },
]
sdist = { url = "https://files.pythonhosted.org/packages/c0/29/011b71bb5f361ba805f491c123c28496cea1ac334cfb290c77f0a36bc6b2/SudachiDict-core-20241021.tar.gz", hash = "sha256:a9d84946f15e040ebf3943ef2b8f0e169c92fb8cf3ce00395bed2698a892069d", size = 9012 }
wheels = [
    { url = "https://files.pythonhosted.org/packages/29/c6/feb396dc9c03d5c198cc2245024bef7383f844945b3b3af40200682ca804/SudachiDict_core-20241021-py3-none-any.whl", hash = "sha256:c5b61f4b4be5ec76895a51aae051fb8b303a62b3a964f858350edf0d84205378", size = 72063182 },
]

[[package]]
name = "sudachipy"
version = "0.6.10"
source = { registry = "https://pypi.org/simple" }
sdist = { url = "https://files.pythonhosted.org/packages/86/eb/ceadfb1e9178332839a75b91393765b135ab870fad9230d47c201c931607/sudachipy-0.6.10.tar.gz", hash = "sha256:b8910a4610de98b2c3cb6dc3362fea93e3ba5059f1eb445a68baa9585278f31b", size = 71518686 }
wheels = [
    { url = "https://files.pythonhosted.org/packages/8a/2e/3694b72d52ee6d3c0a55d88f84ea34536acfb6c49a089c346fee83a2f8ef/SudachiPy-0.6.10-cp311-cp311-macosx_10_12_universal2.whl", hash = "sha256:e947d907542c8086b7e6d18669f45599b3964eec4e954ad7dd85e4acdaa94793", size = 3050763 },
    { url = "https://files.pythonhosted.org/packages/e7/df/d5d4792456441d28232655aa2494bded6942257c17d61f161af23bb6ee1b/SudachiPy-0.6.10-cp311-cp311-manylinux_2_17_x86_64.manylinux2014_x86_64.whl", hash = "sha256:5e1c1d8c579cc3af591a6511bffba9f88662eedf5ba32868ca8e3ba3c1051d60", size = 1732671 },
    { url = "https://files.pythonhosted.org/packages/79/34/ace16ae26b067ae1a0d69e4294c18203f903739f73e6655c555be51a7884/SudachiPy-0.6.10-cp311-cp311-win_amd64.whl", hash = "sha256:8af8b3c91a9aaf0f300901967f85805d73e83297da6c56db50002dde3a4514fe", size = 1378217 },
    { url = "https://files.pythonhosted.org/packages/3d/82/3d330442ab967417440a3875654698b7091a24a2f0f50fe777461f168356/SudachiPy-0.6.10-cp312-cp312-macosx_10_13_universal2.whl", hash = "sha256:efb43fb3b46696ca4510b7dd4c3e490de8dbb7950d7172140dc27a4e69cd5811", size = 3041078 },
    { url = "https://files.pythonhosted.org/packages/ad/30/93bf06bec9db46bef29e57bebb94db10a4726a8563bdaba6c9e086f067cd/SudachiPy-0.6.10-cp312-cp312-manylinux_2_17_x86_64.manylinux2014_x86_64.whl", hash = "sha256:0f8fd0ce37961401c9bdd78c126b2119a0a1669d376feb0b2427c35894ef1428", size = 1731213 },
    { url = "https://files.pythonhosted.org/packages/7f/6f/8155e6dd268a582fc3b8db3caa3e83589bdf68d9b0a9f67a78436055206d/SudachiPy-0.6.10-cp312-cp312-win_amd64.whl", hash = "sha256:4a79b92b0776613481481c1ed0d2e92994b233ed5d29aa365789a1ba521de0a4", size = 1379214 },
    { url = "https://files.pythonhosted.org/packages/f1/20/c58e1dde2b5413c68cc570f96e31c2ed1bc0b7b19b4eb67533dfaadbd94c/SudachiPy-0.6.10-cp313-cp313-macosx_10_13_universal2.whl", hash = "sha256:cc97b5d48f46f9989d97e105f7dd6419da2174888fcc42e55c0e4cd46597ed3b", size = 3040385 },
    { url = "https://files.pythonhosted.org/packages/58/f4/3451dbe8fa54a7b23285512db018c622e10d649a94f134f9fc92292eb4a4/SudachiPy-0.6.10-cp313-cp313-manylinux_2_17_x86_64.manylinux2014_x86_64.whl", hash = "sha256:9794b73fffd8099d93e07882ba87eee5edbed0e4f1b94761db8f22c8e5da9904", size = 1730957 },
    { url = "https://files.pythonhosted.org/packages/47/d3/e3cbab0b5d84df3c9d46e18fa07b84e2ab0b317daafb2bcd01610895106d/SudachiPy-0.6.10-cp313-cp313-win_amd64.whl", hash = "sha256:0fc5b60920a439c534688237e2651e15e4eaadc166a63182d6e24ac7ef3e4779", size = 1378958 },
    { url = "https://files.pythonhosted.org/packages/9b/da/279d12cab13f2affa9edd0ad4d5631573f4de07a020ad89a4ad0195f1d7c/SudachiPy-0.6.10-cp313-cp313t-macosx_10_13_universal2.whl", hash = "sha256:7455e5cbb4c2cf9294c82345c9d46b344774b4eb23eca917f305ed716d8d5168", size = 3033253 },
    { url = "https://files.pythonhosted.org/packages/66/ed/36eabf79eb81c38d477b77a5ab8fd62c8a4814a82c845f079f0c3b78ff18/SudachiPy-0.6.10-cp313-cp313t-manylinux_2_17_x86_64.manylinux2014_x86_64.whl", hash = "sha256:38d0de9e840ac8d199e714a40506792ea5237d0db0c966da16d51fbc74a508d6", size = 1730534 },
]
